
Microsoft Visual Studio Solution File, Format Version 12.00
# Visual Studio Version 16
VisualStudioVersion = 16.0.30011.22
MinimumVisualStudioVersion = 10.0.40219.1
Project("{FAE04EC0-301F-11D3-BF4B-00C04F79EFBC}") = "MS.70483.App", "MS.70483.App.csproj", "{48470EF4-47DD-49E6-A7FC-2178DE41FC39}"
EndProject
Global
	GlobalSection(SolutionConfigurationPlatforms) = preSolution
		Debug|Any CPU = Debug|Any CPU
		Release|Any CPU = Release|Any CPU
	EndGlobalSection
	GlobalSection(ProjectConfigurationPlatforms) = postSolution
		{48470EF4-47DD-49E6-A7FC-2178DE41FC39}.Debug|Any CPU.ActiveCfg = Debug|Any CPU
		{48470EF4-47DD-49E6-A7FC-2178DE41FC39}.Debug|Any CPU.Build.0 = Debug|Any CPU
		{48470EF4-47DD-49E6-A7FC-2178DE41FC39}.Release|Any CPU.ActiveCfg = Release|Any CPU
		{48470EF4-47DD-49E6-A7FC-2178DE41FC39}.Release|Any CPU.Build.0 = Release|Any CPU
	EndGlobalSection
	GlobalSection(SolutionProperties) = preSolution
		HideSolutionNode = FALSE
	EndGlobalSection
	GlobalSection(ExtensibilityGlobals) = postSolution
		SolutionGuid = {59CA4870-4CC4-4A69-85DA-FDCEC27E15A0}
	EndGlobalSection
EndGlobal
